
Microsoft Visual Studio Solution File, Format Version 12.00
# Visual Studio Version 18
VisualStudioVersion = 18.3.11512.155 d18.3
MinimumVisualStudioVersion = 10.0.40219.1
Project("{FAE04EC0-301F-11D3-BF4B-00C04F79EFBC}") = "VECS", "VECS\VECS.csproj", "{AFDAC6A0-C037-4592-BD76-0C6E6E4F2620}"
EndProject
Global
	GlobalSection(SolutionConfigurationPlatforms) = preSolution
		Debug|Any CPU = Debug|Any CPU
		Release|Any CPU = Release|Any CPU
	EndGlobalSection
	GlobalSection(ProjectConfigurationPlatforms) = postSolution
		{AFDAC6A0-C037-4592-BD76-0C6E6E4F2620}.Debug|Any CPU.ActiveCfg = Debug|Any CPU
		{AFDAC6A0-C037-4592-BD76-0C6E6E4F2620}.Debug|Any CPU.Build.0 = Debug|Any CPU
		{AFDAC6A0-C037-4592-BD76-0C6E6E4F2620}.Release|Any CPU.ActiveCfg = Release|Any CPU
		{AFDAC6A0-C037-4592-BD76-0C6E6E4F2620}.Release|Any CPU.Build.0 = Release|Any CPU
		{5F14674F-94F3-0391-3F8B-C2DD357D8DD3}.Debug|Any CPU.ActiveCfg = Debug|Any CPU
		{5F14674F-94F3-0391-3F8B-C2DD357D8DD3}.Debug|Any CPU.Build.0 = Debug|Any CPU
		{5F14674F-94F3-0391-3F8B-C2DD357D8DD3}.Release|Any CPU.ActiveCfg = Release|Any CPU
		{5F14674F-94F3-0391-3F8B-C2DD357D8DD3}.Release|Any CPU.Build.0 = Release|Any CPU
		{49A519CA-2BFC-2BD8-4DFF-EAEBC306667C}.Debug|Any CPU.ActiveCfg = Debug|Any CPU
		{49A519CA-2BFC-2BD8-4DFF-EAEBC306667C}.Debug|Any CPU.Build.0 = Debug|Any CPU
		{49A519CA-2BFC-2BD8-4DFF-EAEBC306667C}.Release|Any CPU.ActiveCfg = Release|Any CPU
		{49A519CA-2BFC-2BD8-4DFF-EAEBC306667C}.Release|Any CPU.Build.0 = Release|Any CPU
		{2B3D5E9B-6D76-C902-A061-FED269D6F10C}.Debug|Any CPU.ActiveCfg = Debug|Any CPU
		{2B3D5E9B-6D76-C902-A061-FED269D6F10C}.Debug|Any CPU.Build.0 = Debug|Any CPU
		{2B3D5E9B-6D76-C902-A061-FED269D6F10C}.Release|Any CPU.ActiveCfg = Release|Any CPU
		{2B3D5E9B-6D76-C902-A061-FED269D6F10C}.Release|Any CPU.Build.0 = Release|Any CPU
		{E8471CC6-08B6-7A5A-774B-F87C4CAB49AB}.Debug|Any CPU.ActiveCfg = Debug|Any CPU
		{E8471CC6-08B6-7A5A-774B-F87C4CAB49AB}.Debug|Any CPU.Build.0 = Debug|Any CPU
		{E8471CC6-08B6-7A5A-774B-F87C4CAB49AB}.Release|Any CPU.ActiveCfg = Release|Any CPU
		{E8471CC6-08B6-7A5A-774B-F87C4CAB49AB}.Release|Any CPU.Build.0 = Release|Any CPU
	EndGlobalSection
	GlobalSection(SolutionProperties) = preSolution
		HideSolutionNode = FALSE
	EndGlobalSection
	GlobalSection(ExtensibilityGlobals) = postSolution
		SolutionGuid = {699C2B5E-C4AF-475F-AAE4-8A161AC297FA}
	EndGlobalSection
EndGlobal
